Microsoft Visual Studio Solution File, Format Version 12.00
# Visual Studio Version 17
VisualStudioVersion = 17.5.2.0
MinimumVisualStudioVersion = 10.0.40219.1
Project("{FAE04EC0-301F-11D3-BF4B-00C04F79EFBC}") = "CosmosGlobalDistDemosCore", "source\CosmosGlobalDistDemosCore.csproj", "{C88BDF35-D1EE-0797-A0DF-9FC3AA32E8FD}"
EndProject
Global
	GlobalSection(SolutionConfigurationPlatforms) = preSolution
		Debug|Any CPU = Debug|Any CPU
		Release|Any CPU = Release|Any CPU
	EndGlobalSection
	GlobalSection(ProjectConfigurationPlatforms) = postSolution
		{C88BDF35-D1EE-0797-A0DF-9FC3AA32E8FD}.Debug|Any CPU.ActiveCfg = Debug|Any CPU
		{C88BDF35-D1EE-0797-A0DF-9FC3AA32E8FD}.Debug|Any CPU.Build.0 = Debug|Any CPU
		{C88BDF35-D1EE-0797-A0DF-9FC3AA32E8FD}.Release|Any CPU.ActiveCfg = Release|Any CPU
		{C88BDF35-D1EE-0797-A0DF-9FC3AA32E8FD}.Release|Any CPU.Build.0 = Release|Any CPU
	EndGlobalSection
	GlobalSection(SolutionProperties) = preSolution
		HideSolutionNode = FALSE
	EndGlobalSection
	GlobalSection(ExtensibilityGlobals) = postSolution
		SolutionGuid = {28CDA83D-F184-45A1-A0A8-921583B2A8EB}
	EndGlobalSection
EndGlobal
